
Microsoft Visual Studio Solution File, Format Version 12.00
# Visual Studio Version 17
VisualStudioVersion = 17.9.34728.123
MinimumVisualStudioVersion = 10.0.40219.1
Project("{8BC9CEB8-8B4A-11D0-8D11-00A0C91BC942}") = "Rock_paper_scissors", "Rock_paper_scissors\Rock_paper_scissors.vcxproj", "{8AF89D52-AD69-46DC-9983-B9888B1D2764}"
EndProject
Global
	GlobalSection(SolutionConfigurationPlatforms) = preSolution
		Debug|x64 = Debug|x64
		Debug|x86 = Debug|x86
		Release|x64 = Release|x64
		Release|x86 = Release|x86
	EndGlobalSection
	GlobalSection(ProjectConfigurationPlatforms) = postSolution
		{8AF89D52-AD69-46DC-9983-B9888B1D2764}.Debug|x64.ActiveCfg = Debug|x64
		{8AF89D52-AD69-46DC-9983-B9888B1D2764}.Debug|x64.Build.0 = Debug|x64
		{8AF89D52-AD69-46DC-9983-B9888B1D2764}.Debug|x86.ActiveCfg = Debug|Win32
		{8AF89D52-AD69-46DC-9983-B9888B1D2764}.Debug|x86.Build.0 = Debug|Win32
		{8AF89D52-AD69-46DC-9983-B9888B1D2764}.Release|x64.ActiveCfg = Release|x64
		{8AF89D52-AD69-46DC-9983-B9888B1D2764}.Release|x64.Build.0 = Release|x64
		{8AF89D52-AD69-46DC-9983-B9888B1D2764}.Release|x86.ActiveCfg = Release|Win32
		{8AF89D52-AD69-46DC-9983-B9888B1D2764}.Release|x86.Build.0 = Release|Win32
	EndGlobalSection
	GlobalSection(SolutionProperties) = preSolution
		HideSolutionNode = FALSE
	EndGlobalSection
	GlobalSection(ExtensibilityGlobals) = postSolution
		SolutionGuid = {8DC1C75B-374A-49AA-9E1E-6853A8D1F7F3}
	EndGlobalSection
EndGlobal
